
Microsoft Visual Studio Solution File, Format Version 12.00
# Visual Studio Version 17
VisualStudioVersion = 17.13.35913.81 d17.13
MinimumVisualStudioVersion = 10.0.40219.1
Project("{FAE04EC0-301F-11D3-BF4B-00C04F79EFBC}") = "MultiplayerSnake", "MultiplayerSnake.csproj", "{BAACF3B7-6EF4-4291-95D0-8F9D8C81A705}"
EndProject
Global
	GlobalSection(SolutionConfigurationPlatforms) = preSolution
		Debug|Any CPU = Debug|Any CPU
		Release|Any CPU = Release|Any CPU
	EndGlobalSection
	GlobalSection(ProjectConfigurationPlatforms) = postSolution
		{BAACF3B7-6EF4-4291-95D0-8F9D8C81A705}.Debug|Any CPU.ActiveCfg = Debug|Any CPU
		{BAACF3B7-6EF4-4291-95D0-8F9D8C81A705}.Debug|Any CPU.Build.0 = Debug|Any CPU
		{BAACF3B7-6EF4-4291-95D0-8F9D8C81A705}.Release|Any CPU.ActiveCfg = Release|Any CPU
		{BAACF3B7-6EF4-4291-95D0-8F9D8C81A705}.Release|Any CPU.Build.0 = Release|Any CPU
	EndGlobalSection
	GlobalSection(SolutionProperties) = preSolution
		HideSolutionNode = FALSE
	EndGlobalSection
	GlobalSection(ExtensibilityGlobals) = postSolution
		SolutionGuid = {FCFD1EC7-D6F9-4B56-B1FF-3BBD260C45CB}
	EndGlobalSection
EndGlobal
